{
  "version": 4,
  "terraform_version": "1.15.9",
  "serial": 10,
  "lineage": "6725068e-aa48-70fd-15b2-26cda8de5493",
  "outputs": {},
  "resources": [
    {
      "mode": "managed",
      "type": "local_file",
      "name": "hello",
      "provider": "provider[\"registry.terraform.io/hashicorp/local\"]",
      "instances": [
        {
          "schema_version": 0,
          "attributes": {
            "content": "Hello from Terraform!\n",
            "content_base64": null,
            "content_base64sha256": "sSey+pyfIsl9LVWQJZs2KEfl++rz1BGtkNLQO3kjjCs=",
            "content_base64sha512": "3/oeBZZtt5v+7LFCpaft66380mUMY8B/AM+Gpfyxt2qbzb7wFE39ouGtdDCdGWloPXg7rUxGM+ePopb1+T5pCA==",
            "content_md5": "08fd29689393fa9ee0910d89b010beb6",
            "content_sha1": "4518d4c8a76b1bc887db3d806e45012b4c276e5a",
            "content_sha256": "b127b2fa9c9f22c97d2d5590259b362847e5fbeaf3d411ad90d2d03b79238c2b",
            "content_sha512": "dffa1e05966db79bfeecb142a5a7edebadfcd2650c63c07f00cf86a5fcb1b76a9bcdbef0144dfda2e1ad74309d1969683d783bad4c4633e78fa296f5f93e6908",
            "directory_permission": "0777",
            "file_permission": "0777",
            "filename": "hello.txt",
            "id": "4518d4c8a76b1bc887db3d806e45012b4c276e5a",
            "sensitive_content": null,
            "source": null
          },
          "sensitive_attributes": [
            [
              {
                "type": "get_attr",
                "value": "sensitive_content"
              }
            ]
          ],
          "identity_schema_version": 0
        }
      ]
    }
  ],
  "check_results": null
}
