{
  "version": 4,
  "terraform_version": "1.15.9",
  "serial": 13,
  "lineage": "6725068e-aa48-70fd-15b2-26cda8de5493",
  "outputs": {},
  "resources": [
    {
      "mode": "managed",
      "type": "local_file",
      "name": "hello",
      "provider": "provider[\"registry.terraform.io/hashicorp/local\"]",
      "instances": [
        {
          "schema_version": 0,
          "attributes": {
            "content": "Hello Aquib!\n",
            "content_base64": null,
            "content_base64sha256": "UHzOieQY+kHE3yaru8lvqisLXMOVJ5mUwhJtEBeDt24=",
            "content_base64sha512": "ljF7QDdtNEEGqREYvAcY455ty1AiTzExAi7SxFlimy9kwAwi/rlLZLAbJDy3EXI8tRgC86K55D0EaGwKEPx6KQ==",
            "content_md5": "179943f3ae42de4fd2659c942496b747",
            "content_sha1": "40da498701d35650a07cb44bab554ae48b2a6e1d",
            "content_sha256": "507cce89e418fa41c4df26abbbc96faa2b0b5cc395279994c2126d101783b76e",
            "content_sha512": "96317b40376d344106a91118bc0718e39e6dcb50224f3131022ed2c459629b2f64c00c22feb94b64b01b243cb711723cb51802f3a2b9e43d04686c0a10fc7a29",
            "directory_permission": "0777",
            "file_permission": "0777",
            "filename": "hello.txt",
            "id": "40da498701d35650a07cb44bab554ae48b2a6e1d",
            "sensitive_content": null,
            "source": null
          },
          "sensitive_attributes": [
            [
              {
                "type": "get_attr",
                "value": "sensitive_content"
              }
            ]
          ],
          "identity_schema_version": 0
        }
      ]
    }
  ],
  "check_results": null
}
